schema_version=agentsmith.runner-image-lock/v1
runner=agentsmith-runner
release_id=p5-publish-d07f21c
git_sha=d07f21c611d7fd9e0b5a101ee0524eb5e169814d
runner_contract_version=0.1.0
runner_protocol_version=1.0
image_id=agentsmith-runner
image=ghcr.io/agentsmith-project/agentsmith-runner:release-p5-publish-d07f21c@sha256:8d44f3a080803507336cf91b43f56821740c0deeefaa5c9d0823dd4b2cea2c2b
image_digest=sha256:8d44f3a080803507336cf91b43f56821740c0deeefaa5c9d0823dd4b2cea2c2b
manifest_producer_repo=github.com/agentsmith-project/agentsmith-runner
manifest_subject_sha256=sha256:566bce8b05e911fcadd54b070c09845b637120e5fbe26ff1cb2a4fbe371666cd
manifest_artifact_sha256=sha256:566bce8b05e911fcadd54b070c09845b637120e5fbe26ff1cb2a4fbe371666cd
