schema_version=agentsmith.runner-image-lock/v1
runner=agentsmith-runner
release_id=p5-publish-8b2541d
git_sha=8b2541d9e2b11b3b97481443b061cb7fbc952080
runner_contract_version=0.1.0
runner_protocol_version=1.0
image_id=agentsmith-runner
image=ghcr.io/agentsmith-project/agentsmith-runner:release-p5-publish-8b2541d@sha256:26ba63e1e8c92ac9f8499c55bf4aeaf15c463f0e0682eee523268ee84b44fde7
image_digest=sha256:26ba63e1e8c92ac9f8499c55bf4aeaf15c463f0e0682eee523268ee84b44fde7
manifest_producer_repo=github.com/agentsmith-project/agentsmith-runner
manifest_subject_sha256=sha256:443ca4e58c9c7d71b4f0a4a8fc51f22c57eedbc8463d5a848fed118d3272be4a
manifest_artifact_sha256=sha256:443ca4e58c9c7d71b4f0a4a8fc51f22c57eedbc8463d5a848fed118d3272be4a
