schema_version=agentsmith.runner-image-lock/v1
runner=agentsmith-runner
release_id=runner-release-p5-3a.1
git_sha=aaaaaaaaaaaaaaaaaaaaaaaaaaaaaaaaaaaaaaaa
runner_contract_version=0.1.0
runner_protocol_version=1.0
image_id=agentsmith-runner
image=ghcr.io/agentsmith-project/agentsmith-runner:p5-3a@sha256:bbbbbbbbbbbbbbbbbbbbbbbbbbbbbbbbbbbbbbbbbbbbbbbbbbbbbbbbbbbbbbbb
image_digest=sha256:bbbbbbbbbbbbbbbbbbbbbbbbbbbbbbbbbbbbbbbbbbbbbbbbbbbbbbbbbbbbbbbb
manifest_producer_repo=github.com/agentsmith-project/agentsmith-runner
manifest_subject_sha256=sha256:ad1e72a1515a6b296dd0ed3c8029ccc7f5b9df19b7e08c8d609b8e60b1613836
manifest_artifact_sha256=sha256:ad1e72a1515a6b296dd0ed3c8029ccc7f5b9df19b7e08c8d609b8e60b1613836
