schema_version=agentsmith.runner-image-lock/v1
runner=agentsmith-runner
release_id=runner-2026.05.23-p0
git_sha=abcdefabcdefabcdefabcdefabcdefabcdefabcd
runner_contract_version=1.0.0
runner_protocol_version=1.0
image_id=agent-task-runner
image=ghcr.io/agentsmith-project/agentsmith-runner:runner-2026.05.23-p0@sha256:ffffffffffffffffffffffffffffffffffffffffffffffffffffffffffffffff
image_digest=sha256:ffffffffffffffffffffffffffffffffffffffffffffffffffffffffffffffff
manifest_producer_repo=github.com/agentsmith-project/agentsmith-runner
manifest_subject_sha256=sha256:beb44f95c73844dbd7611dbf82a78f0550f733d61e2c8585a48a141807151536
manifest_artifact_sha256=sha256:dddddddddddddddddddddddddddddddddddddddddddddddddddddddddddddddd
