# AgentSmith AFSCP external image lock.
# This repository treats AFSCP as an external image dependency, not an AgentSmith-built target.
# The digest below is the current pinned release truth for release contract handoff.
# Format: afscp_version=<version>, afscp_source_image=<image:tag@sha256:digest>,
# afscp_release_url=<github-release-url>, and afscp_commit_sha=<tag-commit-sha>
afscp_version=v1.0.8
afscp_source_image=ghcr.io/agentsmith-project/agentsmith-fs-control-plane:v1.0.8@sha256:a059b2e4e2549a1ea4efdeda5bc5e0f606750065ad9b7fd86abf581a2d274511
afscp_release_url=https://github.com/agentsmith-project/agentsmith-fs-control-plane/releases/tag/v1.0.8
afscp_commit_sha=31da1e82a3e6e4593811d96502d9d57530f57664
