# AgentSmith AFSCP external image lock.
# This repository treats AFSCP as an external image dependency, not an AgentSmith-built target.
# The digest below is the current pinned release truth for release contract handoff.
# Format: afscp_version=<version>, afscp_source_image=<image:tag@sha256:digest>,
# afscp_release_url=<github-release-url>, and afscp_commit_sha=<tag-commit-sha>
afscp_version=v1.0.19
afscp_source_image=ghcr.io/agentsmith-project/agentsmith-fs-control-plane:v1.0.19@sha256:b79c26a4b263ba1213720e90e86f6b734dd0f0f92c7eb773ecd574ec1b405aac
afscp_release_url=https://github.com/agentsmith-project/agentsmith-fs-control-plane/releases/tag/v1.0.19
afscp_commit_sha=3dd88d885901a300c2a993653ba4da058a294247
