asbcp_version=v2.0.15
asbcp_source_image=ghcr.io/agentsmith-project/agentsmith-sandbox-control-plane:v2.0.15@sha256:bd3e677a780a5c2b01fce9f5f5aaf8c23408fe8f61f39392f4314ae66143154a
asbcp_release_url=https://github.com/agentsmith-project/agentsmith-sandbox-control-plane/releases/tag/v2.0.15
asbcp_commit_sha=a7c30ab437f901c5d7b07894fd5e102de0844d86
