# AgentSmith llmup external image lock.
# This repository treats llmup as an external image dependency, not an AgentSmith-built target.
# The digest below is the current pinned release truth for offline/release gates.
# Format: llmup_version=<version> and llmup_source_image=<image:tag@sha256:digest>
llmup_version=v0.2.39
llmup_source_image=ghcr.io/agentsmith-project/llm-universal-proxy:v0.2.39@sha256:c9de8dd036b1f5c3ff1280e61a8041b91e5e3dc6ed806bcfb7d983bde33ffeec
