schema_version=agentsmith.runner-image-lock/v1
runner=agentsmith-runner
release_id=main-a89649e358d9
git_sha=a89649e358d9ebae5fb22f5355e61c799a8675e8
runner_contract_version=0.1.0
runner_protocol_version=1.0
image_id=agentsmith-runner
image=ghcr.io/agentsmith-project/agentsmith-runner:release-main-a89649e358d9@sha256:dc2324b9ca73971c702bdb497c90acfc29e46e6cd2b3c16af5d4100703c6a2a9
image_digest=sha256:dc2324b9ca73971c702bdb497c90acfc29e46e6cd2b3c16af5d4100703c6a2a9
manifest_producer_repo=github.com/agentsmith-project/agentsmith-runner
manifest_subject_sha256=sha256:bf2d435d01ba7d786e431658553d0d7d660a6038a2468e5de25f8cfe0768aa93
manifest_artifact_sha256=sha256:bf2d435d01ba7d786e431658553d0d7d660a6038a2468e5de25f8cfe0768aa93
runner_ga_handoff_uri=gh-artifact://agentsmith-project/agentsmith-runner/runner-ga-handoff/27421544971/runner-ga-handoff-report.json
runner_ga_handoff_manifest_input_sha256=sha256:cbd607bda05cc661372d122e45067db487228364779584eee740be436be4b7b1
runner_ga_handoff_report_sha256=sha256:866e7eb6992c54ab6d45a789bc482eb563d4eaffee2d96a58d6be55c040e3109
