schema_version=agentsmith.runner-image-lock/v1
runner=agentsmith-runner
release_id=locked-safety-008dbbd
git_sha=008dbbd3b232485cb77f3cae585d38955a8bf9fb
runner_contract_version=0.1.0
runner_protocol_version=1.0
image_id=agentsmith-runner
image=ghcr.io/agentsmith-project/agentsmith-runner:release-locked-safety-008dbbd@sha256:07292903e04006a2912225970e824174894aad1953d8d3f98453e4df7a58849a
image_digest=sha256:07292903e04006a2912225970e824174894aad1953d8d3f98453e4df7a58849a
manifest_producer_repo=github.com/agentsmith-project/agentsmith-runner
manifest_subject_sha256=sha256:88f46a3519906e2db6f51390b000671e3322b4c7fbb8badca3f58e2357f4b3b0
manifest_artifact_sha256=sha256:88f46a3519906e2db6f51390b000671e3322b4c7fbb8badca3f58e2357f4b3b0
